
Microsoft Visual Studio Solution File, Format Version 12.00
# Visual Studio Version 16
VisualStudioVersion = 25.0.1700.6
MinimumVisualStudioVersion = 10.0.40219.1
Project("{FAE04EC0-301F-11D3-BF4B-00C04F79EFBC}") = "Ara", "Ara\Ara.csproj", "{13C65A58-C18E-4371-983B-7C364E7C9A76}"
EndProject
Project("{FAE04EC0-301F-11D3-BF4B-00C04F79EFBC}") = "Ara.Tests", "Ara.Tests\Ara.Tests.csproj", "{B41A8487-8D5B-4301-9447-B9333CBAC19F}"
EndProject
Global
	GlobalSection(SolutionConfigurationPlatforms) = preSolution
		Debug|Any CPU = Debug|Any CPU
		Release|Any CPU = Release|Any CPU
	EndGlobalSection
	GlobalSection(ProjectConfigurationPlatforms) = postSolution
		{13C65A58-C18E-4371-983B-7C364E7C9A76}.Debug|Any CPU.ActiveCfg = Debug|Any CPU
		{13C65A58-C18E-4371-983B-7C364E7C9A76}.Debug|Any CPU.Build.0 = Debug|Any CPU
		{13C65A58-C18E-4371-983B-7C364E7C9A76}.Release|Any CPU.ActiveCfg = Release|Any CPU
		{13C65A58-C18E-4371-983B-7C364E7C9A76}.Release|Any CPU.Build.0 = Release|Any CPU
		{B41A8487-8D5B-4301-9447-B9333CBAC19F}.Debug|Any CPU.ActiveCfg = Debug|Any CPU
		{B41A8487-8D5B-4301-9447-B9333CBAC19F}.Debug|Any CPU.Build.0 = Debug|Any CPU
		{B41A8487-8D5B-4301-9447-B9333CBAC19F}.Release|Any CPU.ActiveCfg = Release|Any CPU
		{B41A8487-8D5B-4301-9447-B9333CBAC19F}.Release|Any CPU.Build.0 = Release|Any CPU
	EndGlobalSection
	GlobalSection(SolutionProperties) = preSolution
		HideSolutionNode = FALSE
	EndGlobalSection
	GlobalSection(ExtensibilityGlobals) = postSolution
		SolutionGuid = {2DF6109F-91BC-4B7A-ACD6-8B813DAFCF18}
	EndGlobalSection
EndGlobal
